// !$*UTF8*$!
{
	archiveVersion = 1;
	classes = {
	};
	objectVersion = 56;
	objects = {

/* Begin PBXBuildFile section */
		45EB330C7E1A59C3E799D7F2 /* Pods_HW_21_Kudaibergen_Temirlan.framework in Frameworks */ = {isa = PBXBuildFile; fileRef = 8C1A5D0FD504040212535582 /* Pods_HW_21_Kudaibergen_Temirlan.framework */; };
		C82A1CC82A124372004A7BC4 /* AppDelegate.swift in Sources */ = {isa = PBXBuildFile; fileRef = C82A1CC72A124372004A7BC4 /* AppDelegate.swift */; };
		C82A1CCA2A124372004A7BC4 /* SceneDelegate.swift in Sources */ = {isa = PBXBuildFile; fileRef = C82A1CC92A124372004A7BC4 /* SceneDelegate.swift */; };
		C82A1CCC2A124372004A7BC4 /* ViewController.swift in Sources */ = {isa = PBXBuildFile; fileRef = C82A1CCB2A124372004A7BC4 /* ViewController.swift */; };
		C82A1CD12A124373004A7BC4 /* Assets.xcassets in Resources */ = {isa = PBXBuildFile; fileRef = C82A1CD02A124373004A7BC4 /* Assets.xcassets */; };
		C82A1CD42A124373004A7BC4 /* LaunchScreen.storyboard in Resources */ = {isa = PBXBuildFile; fileRef = C82A1CD22A124373004A7BC4 /* LaunchScreen.storyboard */; };
		C82A1CE32A124C8C004A7BC4 /* MainView.swift in Sources */ = {isa = PBXBuildFile; fileRef = C82A1CE22A124C8C004A7BC4 /* MainView.swift */; };
		C82A1CE62A124E3E004A7BC4 /* Model.swift in Sources */ = {isa = PBXBuildFile; fileRef = C82A1CE52A124E3E004A7BC4 /* Model.swift */; };
		C82A1CE92A125080004A7BC4 /* SnapKit in Frameworks */ = {isa = PBXBuildFile; productRef = C82A1CE82A125080004A7BC4 /* SnapKit */; };
		C82A1CEB2A13A7E3004A7BC4 /* DetailViewViewController.swift in Sources */ = {isa = PBXBuildFile; fileRef = C82A1CEA2A13A7E3004A7BC4 /* DetailViewViewController.swift */; };
		C8E9A6A72A14BD6F00FFAC46 /* CustomTableViewCell.swift in Sources */ = {isa = PBXBuildFile; fileRef = C8E9A6A62A14BD6F00FFAC46 /* CustomTableViewCell.swift */; };
		C8E9A6A92A14DBD000FFAC46 /* DetailView.swift in Sources */ = {isa = PBXBuildFile; fileRef = C8E9A6A82A14DBD000FFAC46 /* DetailView.swift */; };
/* End PBXBuildFile section */

/* Begin PBXFileReference section */
		430D7B443E6BC81DCD003FDC /* Pods-HW-21-Kudaibergen_Temirlan.debug.xcconfig */ = {isa = PBXFileReference; includeInIndex = 1; lastKnownFileType = text.xcconfig; name = "Pods-HW-21-Kudaibergen_Temirlan.debug.xcconfig"; path = "Target Support Files/Pods-HW-21-Kudaibergen_Temirlan/Pods-HW-21-Kudaibergen_Temirlan.debug.xcconfig"; sourceTree = "<group>"; };
		8C1A5D0FD504040212535582 /* Pods_HW_21_Kudaibergen_Temirlan.framework */ = {isa = PBXFileReference; explicitFileType = wrapper.framework; includeInIndex = 0; path = Pods_HW_21_Kudaibergen_Temirlan.framework; sourceTree = BUILT_PRODUCTS_DIR; };
		B710275E6B7D7E6B938A8BC7 /* Pods-HW-21-Kudaibergen_Temirlan.release.xcconfig */ = {isa = PBXFileReference; includeInIndex = 1; lastKnownFileType = text.xcconfig; name = "Pods-HW-21-Kudaibergen_Temirlan.release.xcconfig"; path = "Target Support Files/Pods-HW-21-Kudaibergen_Temirlan/Pods-HW-21-Kudaibergen_Temirlan.release.xcconfig"; sourceTree = "<group>"; };
		C82A1CC42A124372004A7BC4 /* HW-21-Kudaibergen_Temirlan.app */ = {isa = PBXFileReference; explicitFileType = wrapper.application; includeInIndex = 0; path = "HW-21-Kudaibergen_Temirlan.app"; sourceTree = BUILT_PRODUCTS_DIR; };
		C82A1CC72A124372004A7BC4 /* AppDelegate.swift */ = {isa = PBXFileReference; lastKnownFileType = sourcecode.swift; path = AppDelegate.swift; sourceTree = "<group>"; };
		C82A1CC92A124372004A7BC4 /* SceneDelegate.swift */ = {isa = PBXFileReference; lastKnownFileType = sourcecode.swift; path = SceneDelegate.swift; sourceTree = "<group>"; };
		C82A1CCB2A124372004A7BC4 /* ViewController.swift */ = {isa = PBXFileReference; lastKnownFileType = sourcecode.swift; path = ViewController.swift; sourceTree = "<group>"; };
		C82A1CD02A124373004A7BC4 /* Assets.xcassets */ = {isa = PBXFileReference; lastKnownFileType = folder.assetcatalog; path = Assets.xcassets; sourceTree = "<group>"; };
		C82A1CD32A124373004A7BC4 /* Base */ = {isa = PBXFileReference; lastKnownFileType = file.storyboard; name = Base; path = Base.lproj/LaunchScreen.storyboard; sourceTree = "<group>"; };
		C82A1CD52A124373004A7BC4 /* Info.plist */ = {isa = PBXFileReference; lastKnownFileType = text.plist.xml; path = Info.plist; sourceTree = "<group>"; };
		C82A1CE22A124C8C004A7BC4 /* MainView.swift */ = {isa = PBXFileReference; lastKnownFileType = sourcecode.swift; path = MainView.swift; sourceTree = "<group>"; };
		C82A1CE52A124E3E004A7BC4 /* Model.swift */ = {isa = PBXFileReference; lastKnownFileType = sourcecode.swift; path = Model.swift; sourceTree = "<group>"; };
		C82A1CEA2A13A7E3004A7BC4 /* DetailViewViewController.swift */ = {isa = PBXFileReference; lastKnownFileType = sourcecode.swift; path = DetailViewViewController.swift; sourceTree = "<group>"; };
		C8E9A6A62A14BD6F00FFAC46 /* CustomTableViewCell.swift */ = {isa = PBXFileReference; lastKnownFileType = sourcecode.swift; path = CustomTableViewCell.swift; sourceTree = "<group>"; };
		C8E9A6A82A14DBD000FFAC46 /* DetailView.swift */ = {isa = PBXFileReference; lastKnownFileType = sourcecode.swift; path = DetailView.swift; sourceTree = "<group>"; };
/* End PBXFileReference section */

/* Begin PBXFrameworksBuildPhase section */
		C82A1CC12A124372004A7BC4 /* Frameworks */ = {
			isa = PBXFrameworksBuildPhase;
			buildActionMask = 2147483647;
			files = (
				C82A1CE92A125080004A7BC4 /* SnapKit in Frameworks */,
				45EB330C7E1A59C3E799D7F2 /* Pods_HW_21_Kudaibergen_Temirlan.framework in Frameworks */,
			);
			runOnlyForDeploymentPostprocessing = 0;
		};
/* End PBXFrameworksBuildPhase section */

/* Begin PBXGroup section */
		1C69138BAED33A68C79FA32F /* Frameworks */ = {
			isa = PBXGroup;
			children = (
				8C1A5D0FD504040212535582 /* Pods_HW_21_Kudaibergen_Temirlan.framework */,
			);
			name = Frameworks;
			sourceTree = "<group>";
		};
		8D953DAB3EF06365AF3E4DAC /* Pods */ = {
			isa = PBXGroup;
			children = (
				430D7B443E6BC81DCD003FDC /* Pods-HW-21-Kudaibergen_Temirlan.debug.xcconfig */,
				B710275E6B7D7E6B938A8BC7 /* Pods-HW-21-Kudaibergen_Temirlan.release.xcconfig */,
			);
			path = Pods;
			sourceTree = "<group>";
		};
		C82A1CBB2A124372004A7BC4 = {
			isa = PBXGroup;
			children = (
				C82A1CC62A124372004A7BC4 /* HW-21-Kudaibergen_Temirlan */,
				C82A1CC52A124372004A7BC4 /* Products */,
				8D953DAB3EF06365AF3E4DAC /* Pods */,
				1C69138BAED33A68C79FA32F /* Frameworks */,
			);
			sourceTree = "<group>";
		};
		C82A1CC52A124372004A7BC4 /* Products */ = {
			isa = PBXGroup;
			children = (
				C82A1CC42A124372004A7BC4 /* HW-21-Kudaibergen_Temirlan.app */,
			);
			name = Products;
			sourceTree = "<group>";
		};
		C82A1CC62A124372004A7BC4 /* HW-21-Kudaibergen_Temirlan */ = {
			isa = PBXGroup;
			children = (
				C82A1CDC2A1243D7004A7BC4 /* Source */,
				C82A1CDB2A1243CE004A7BC4 /* Resource */,
			);
			path = "HW-21-Kudaibergen_Temirlan";
			sourceTree = "<group>";
		};
		C82A1CDB2A1243CE004A7BC4 /* Resource */ = {
			isa = PBXGroup;
			children = (
				C82A1CD02A124373004A7BC4 /* Assets.xcassets */,
				C82A1CDE2A12442D004A7BC4 /* Configuration */,
			);
			path = Resource;
			sourceTree = "<group>";
		};
		C82A1CDC2A1243D7004A7BC4 /* Source */ = {
			isa = PBXGroup;
			children = (
				C82A1CE42A124E2D004A7BC4 /* Model */,
				C82A1CE12A124C64004A7BC4 /* View */,
				C82A1CE02A124B50004A7BC4 /* ViewModel */,
				C82A1CDF2A124458004A7BC4 /* Storyboard */,
				C82A1CDD2A1243F0004A7BC4 /* Application */,
			);
			path = Source;
			sourceTree = "<group>";
		};
		C82A1CDD2A1243F0004A7BC4 /* Application */ = {
			isa = PBXGroup;
			children = (
				C82A1CC92A124372004A7BC4 /* SceneDelegate.swift */,
				C82A1CC72A124372004A7BC4 /* AppDelegate.swift */,
			);
			path = Application;
			sourceTree = "<group>";
		};
		C82A1CDE2A12442D004A7BC4 /* Configuration */ = {
			isa = PBXGroup;
			children = (
				C82A1CD52A124373004A7BC4 /* Info.plist */,
			);
			path = Configuration;
			sourceTree = "<group>";
		};
		C82A1CDF2A124458004A7BC4 /* Storyboard */ = {
			isa = PBXGroup;
			children = (
				C82A1CD22A124373004A7BC4 /* LaunchScreen.storyboard */,
			);
			path = Storyboard;
			sourceTree = "<group>";
		};
		C82A1CE02A124B50004A7BC4 /* ViewModel */ = {
			isa = PBXGroup;
			children = (
				C82A1CCB2A124372004A7BC4 /* ViewController.swift */,
				C82A1CEA2A13A7E3004A7BC4 /* DetailViewViewController.swift */,
			);
			path = ViewModel;
			sourceTree = "<group>";
		};
		C82A1CE12A124C64004A7BC4 /* View */ = {
			isa = PBXGroup;
			children = (
				C82A1CE22A124C8C004A7BC4 /* MainView.swift */,
				C8E9A6A62A14BD6F00FFAC46 /* CustomTableViewCell.swift */,
				C8E9A6A82A14DBD000FFAC46 /* DetailView.swift */,
			);
			path = View;
			sourceTree = "<group>";
		};
		C82A1CE42A124E2D004A7BC4 /* Model */ = {
			isa = PBXGroup;
			children = (
				C82A1CE52A124E3E004A7BC4 /* Model.swift */,
			);
			path = Model;
			sourceTree = "<group>";
		};
/* End PBXGroup section */

/* Begin PBXNativeTarget section */
		C82A1CC32A124372004A7BC4 /* HW-21-Kudaibergen_Temirlan */ = {
			isa = PBXNativeTarget;
			buildConfigurationList = C82A1CD82A124373004A7BC4 /* Build configuration list for PBXNativeTarget "HW-21-Kudaibergen_Temirlan" */;
			buildPhases = (
				2FEC4D38154BE9362323A737 /* [CP] Check Pods Manifest.lock */,
				C82A1CC02A124372004A7BC4 /* Sources */,
				C82A1CC12A124372004A7BC4 /* Frameworks */,
				C82A1CC22A124372004A7BC4 /* Resources */,
				28594CBD8069DD608643A61D /* [CP] Embed Pods Frameworks */,
			);
			buildRules = (
			);
			dependencies = (
			);
			name = "HW-21-Kudaibergen_Temirlan";
			packageProductDependencies = (
				C82A1CE82A125080004A7BC4 /* SnapKit */,
			);
			productName = "HW-21-Kudaibergen_Temirlan";
			productReference = C82A1CC42A124372004A7BC4 /* HW-21-Kudaibergen_Temirlan.app */;
			productType = "com.apple.product-type.application";
		};
/* End PBXNativeTarget section */

/* Begin PBXProject section */
		C82A1CBC2A124372004A7BC4 /* Project object */ = {
			isa = PBXProject;
			attributes = {
				BuildIndependentTargetsInParallel = 1;
				LastSwiftUpdateCheck = 1430;
				LastUpgradeCheck = 1430;
				TargetAttributes = {
					C82A1CC32A124372004A7BC4 = {
						CreatedOnToolsVersion = 14.3;
					};
				};
			};
			buildConfigurationList = C82A1CBF2A124372004A7BC4 /* Build configuration list for PBXProject "HW-21-Kudaibergen_Temirlan" */;
			compatibilityVersion = "Xcode 14.0";
			developmentRegion = en;
			hasScannedForEncodings = 0;
			knownRegions = (
				en,
				Base,
			);
			mainGroup = C82A1CBB2A124372004A7BC4;
			packageReferences = (
				C82A1CE72A125080004A7BC4 /* XCRemoteSwiftPackageReference "SnapKit" */,
			);
			productRefGroup = C82A1CC52A124372004A7BC4 /* Products */;
			projectDirPath = "";
			projectRoot = "";
			targets = (
				C82A1CC32A124372004A7BC4 /* HW-21-Kudaibergen_Temirlan */,
			);
		};
/* End PBXProject section */

/* Begin PBXResourcesBuildPhase section */
		C82A1CC22A124372004A7BC4 /* Resources */ = {
			isa = PBXResourcesBuildPhase;
			buildActionMask = 2147483647;
			files = (
				C82A1CD42A124373004A7BC4 /* LaunchScreen.storyboard in Resources */,
				C82A1CD12A124373004A7BC4 /* Assets.xcassets in Resources */,
			);
			runOnlyForDeploymentPostprocessing = 0;
		};
/* End PBXResourcesBuildPhase section */

/* Begin PBXShellScriptBuildPhase section */
		28594CBD8069DD608643A61D /* [CP] Embed Pods Frameworks */ = {
			isa = PBXShellScriptBuildPhase;
			buildActionMask = 2147483647;
			files = (
			);
			inputFileListPaths = (
				"${PODS_ROOT}/Target Support Files/Pods-HW-21-Kudaibergen_Temirlan/Pods-HW-21-Kudaibergen_Temirlan-frameworks-${CONFIGURATION}-input-files.xcfilelist",
			);
			name = "[CP] Embed Pods Frameworks";
			outputFileListPaths = (
				"${PODS_ROOT}/Target Support Files/Pods-HW-21-Kudaibergen_Temirlan/Pods-HW-21-Kudaibergen_Temirlan-frameworks-${CONFIGURATION}-output-files.xcfilelist",
			);
			runOnlyForDeploymentPostprocessing = 0;
			shellPath = /bin/sh;
			shellScript = "\"${PODS_ROOT}/Target Support Files/Pods-HW-21-Kudaibergen_Temirlan/Pods-HW-21-Kudaibergen_Temirlan-frameworks.sh\"\n";
			showEnvVarsInLog = 0;
		};
		2FEC4D38154BE9362323A737 /* [CP] Check Pods Manifest.lock */ = {
			isa = PBXShellScriptBuildPhase;
			buildActionMask = 2147483647;
			files = (
			);
			inputFileListPaths = (
			);
			inputPaths = (
				"${PODS_PODFILE_DIR_PATH}/Podfile.lock",
				"${PODS_ROOT}/Manifest.lock",
			);
			name = "[CP] Check Pods Manifest.lock";
			outputFileListPaths = (
			);
			outputPaths = (
				"$(DERIVED_FILE_DIR)/Pods-HW-21-Kudaibergen_Temirlan-checkManifestLockResult.txt",
			);
			runOnlyForDeploymentPostprocessing = 0;
			shellPath = /bin/sh;
			shellScript = "diff \"${PODS_PODFILE_DIR_PATH}/Podfile.lock\" \"${PODS_ROOT}/Manifest.lock\" > /dev/null\nif [ $? != 0 ] ; then\n    # print error to STDERR\n    echo \"error: The sandbox is not in sync with the Podfile.lock. Run 'pod install' or update your CocoaPods installation.\" >&2\n    exit 1\nfi\n# This output is used by Xcode 'outputs' to avoid re-running this script phase.\necho \"SUCCESS\" > \"${SCRIPT_OUTPUT_FILE_0}\"\n";
			showEnvVarsInLog = 0;
		};
/* End PBXShellScriptBuildPhase section */

/* Begin PBXSourcesBuildPhase section */
		C82A1CC02A124372004A7BC4 /* Sources */ = {
			isa = PBXSourcesBuildPhase;
			buildActionMask = 2147483647;
			files = (
				C82A1CE62A124E3E004A7BC4 /* Model.swift in Sources */,
				C8E9A6A92A14DBD000FFAC46 /* DetailView.swift in Sources */,
				C82A1CCC2A124372004A7BC4 /* ViewController.swift in Sources */,
				C82A1CE32A124C8C004A7BC4 /* MainView.swift in Sources */,
				C8E9A6A72A14BD6F00FFAC46 /* CustomTableViewCell.swift in Sources */,
				C82A1CC82A124372004A7BC4 /* AppDelegate.swift in Sources */,
				C82A1CEB2A13A7E3004A7BC4 /* DetailViewViewController.swift in Sources */,
				C82A1CCA2A124372004A7BC4 /* SceneDelegate.swift in Sources */,
			);
			runOnlyForDeploymentPostprocessing = 0;
		};
/* End PBXSourcesBuildPhase section */

/* Begin PBXVariantGroup section */
		C82A1CD22A124373004A7BC4 /* LaunchScreen.storyboard */ = {
			isa = PBXVariantGroup;
			children = (
				C82A1CD32A124373004A7BC4 /* Base */,
			);
			name = LaunchScreen.storyboard;
			sourceTree = "<group>";
		};
/* End PBXVariantGroup section */

/* Begin XCBuildConfiguration section */
		C82A1CD62A124373004A7BC4 /* Debug */ = {
			isa = XCBuildConfiguration;
			buildSettings = {
				ALWAYS_SEARCH_USER_PATHS = NO;
				CLANG_ANALYZER_NONNULL = YES;
				CLANG_ANALYZER_NUMBER_OBJECT_CONVERSION = YES_AGGRESSIVE;
				CLANG_CXX_LANGUAGE_STANDARD = "gnu++20";
				CLANG_ENABLE_MODULES = YES;
				CLANG_ENABLE_OBJC_ARC = YES;
				CLANG_ENABLE_OBJC_WEAK = YES;
				CLANG_WARN_BLOCK_CAPTURE_AUTORELEASING = YES;
				CLANG_WARN_BOOL_CONVERSION = YES;
				CLANG_WARN_COMMA = YES;
				CLANG_WARN_CONSTANT_CONVERSION = YES;
				CLANG_WARN_DEPRECATED_OBJC_IMPLEMENTATIONS = YES;
				CLANG_WARN_DIRECT_OBJC_ISA_USAGE = YES_ERROR;
				CLANG_WARN_DOCUMENTATION_COMMENTS = YES;
				CLANG_WARN_EMPTY_BODY = YES;
				CLANG_WARN_ENUM_CONVERSION = YES;
				CLANG_WARN_INFINITE_RECURSION = YES;
				CLANG_WARN_INT_CONVERSION = YES;
				CLANG_WARN_NON_LITERAL_NULL_CONVERSION = YES;
				CLANG_WARN_OBJC_IMPLICIT_RETAIN_SELF = YES;
				CLANG_WARN_OBJC_LITERAL_CONVERSION = YES;
				CLANG_WARN_OBJC_ROOT_CLASS = YES_ERROR;
				CLANG_WARN_QUOTED_INCLUDE_IN_FRAMEWORK_HEADER = YES;
				CLANG_WARN_RANGE_LOOP_ANALYSIS = YES;
				CLANG_WARN_STRICT_PROTOTYPES = YES;
				CLANG_WARN_SUSPICIOUS_MOVE = YES;
				CLANG_WARN_UNGUARDED_AVAILABILITY = YES_AGGRESSIVE;
				CLANG_WARN_UNREACHABLE_CODE = YES;
				CLANG_WARN__DUPLICATE_METHOD_MATCH = YES;
				COPY_PHASE_STRIP = NO;
				DEBUG_INFORMATION_FORMAT = dwarf;
				ENABLE_STRICT_OBJC_MSGSEND = YES;
				ENABLE_TESTABILITY = YES;
				GCC_C_LANGUAGE_STANDARD = gnu11;
				GCC_DYNAMIC_NO_PIC = NO;
				GCC_NO_COMMON_BLOCKS = YES;
				GCC_OPTIMIZATION_LEVEL = 0;
				GCC_PREPROCESSOR_DEFINITIONS = (
					"DEBUG=1",
					"$(inherited)",
				);
				GCC_WARN_64_TO_32_BIT_CONVERSION = YES;
				GCC_WARN_ABOUT_RETURN_TYPE = YES_ERROR;
				GCC_WARN_UNDECLARED_SELECTOR = YES;
				GCC_WARN_UNINITIALIZED_AUTOS = YES_AGGRESSIVE;
				GCC_WARN_UNUSED_FUNCTION = YES;
				GCC_WARN_UNUSED_VARIABLE = YES;
				IPHONEOS_DEPLOYMENT_TARGET = 16.4;
				MTL_ENABLE_DEBUG_INFO = INCLUDE_SOURCE;
				MTL_FAST_MATH = YES;
				ONLY_ACTIVE_ARCH = YES;
				SDKROOT = iphoneos;
				SWIFT_ACTIVE_COMPILATION_CONDITIONS = DEBUG;
				SWIFT_OPTIMIZATION_LEVEL = "-Onone";
			};
			name = Debug;
		};
		C82A1CD72A124373004A7BC4 /* Release */ = {
			isa = XCBuildConfiguration;
			buildSettings = {
				ALWAYS_SEARCH_USER_PATHS = NO;
				CLANG_ANALYZER_NONNULL = YES;
				CLANG_ANALYZER_NUMBER_OBJECT_CONVERSION = YES_AGGRESSIVE;
				CLANG_CXX_LANGUAGE_STANDARD = "gnu++20";
				CLANG_ENABLE_MODULES = YES;
				CLANG_ENABLE_OBJC_ARC = YES;
				CLANG_ENABLE_OBJC_WEAK = YES;
				CLANG_WARN_BLOCK_CAPTURE_AUTORELEASING = YES;
				CLANG_WARN_BOOL_CONVERSION = YES;
				CLANG_WARN_COMMA = YES;
				CLANG_WARN_CONSTANT_CONVERSION = YES;
				CLANG_WARN_DEPRECATED_OBJC_IMPLEMENTATIONS = YES;
				CLANG_WARN_DIRECT_OBJC_ISA_USAGE = YES_ERROR;
				CLANG_WARN_DOCUMENTATION_COMMENTS = YES;
				CLANG_WARN_EMPTY_BODY = YES;
				CLANG_WARN_ENUM_CONVERSION = YES;
				CLANG_WARN_INFINITE_RECURSION = YES;
				CLANG_WARN_INT_CONVERSION = YES;
				CLANG_WARN_NON_LITERAL_NULL_CONVERSION = YES;
				CLANG_WARN_OBJC_IMPLICIT_RETAIN_SELF = YES;
				CLANG_WARN_OBJC_LITERAL_CONVERSION = YES;
				CLANG_WARN_OBJC_ROOT_CLASS = YES_ERROR;
				CLANG_WARN_QUOTED_INCLUDE_IN_FRAMEWORK_HEADER = YES;
				CLANG_WARN_RANGE_LOOP_ANALYSIS = YES;
				CLANG_WARN_STRICT_PROTOTYPES = YES;
				CLANG_WARN_SUSPICIOUS_MOVE = YES;
				CLANG_WARN_UNGUARDED_AVAILABILITY = YES_AGGRESSIVE;
				CLANG_WARN_UNREACHABLE_CODE = YES;
				CLANG_WARN__DUPLICATE_METHOD_MATCH = YES;
				COPY_PHASE_STRIP = NO;
				DEBUG_INFORMATION_FORMAT = "dwarf-with-dsym";
				ENABLE_NS_ASSERTIONS = NO;
				ENABLE_STRICT_OBJC_MSGSEND = YES;
				GCC_C_LANGUAGE_STANDARD = gnu11;
				GCC_NO_COMMON_BLOCKS = YES;
				GCC_WARN_64_TO_32_BIT_CONVERSION = YES;
				GCC_WARN_ABOUT_RETURN_TYPE = YES_ERROR;
				GCC_WARN_UNDECLARED_SELECTOR = YES;
				GCC_WARN_UNINITIALIZED_AUTOS = YES_AGGRESSIVE;
				GCC_WARN_UNUSED_FUNCTION = YES;
				GCC_WARN_UNUSED_VARIABLE = YES;
				IPHONEOS_DEPLOYMENT_TARGET = 16.4;
				MTL_ENABLE_DEBUG_INFO = NO;
				MTL_FAST_MATH = YES;
				SDKROOT = iphoneos;
				SWIFT_COMPILATION_MODE = wholemodule;
				SWIFT_OPTIMIZATION_LEVEL = "-O";
				VALIDATE_PRODUCT = YES;
			};
			name = Release;
		};
		C82A1CD92A124373004A7BC4 /* Debug */ = {
			isa = XCBuildConfiguration;
			baseConfigurationReference = 430D7B443E6BC81DCD003FDC /* Pods-HW-21-Kudaibergen_Temirlan.debug.xcconfig */;
			buildSettings = {
				ASSETCATALOG_COMPILER_APPICON_NAME = AppIcon;
				ASSETCATALOG_COMPILER_GLOBAL_ACCENT_COLOR_NAME = AccentColor;
				CODE_SIGN_STYLE = Automatic;
				CURRENT_PROJECT_VERSION = 1;
				DEVELOPMENT_TEAM = C2VWB77N8G;
				GENERATE_INFOPLIST_FILE = YES;
				INFOPLIST_FILE = "HW-21-Kudaibergen_Temirlan/Info.plist";
				INFOPLIST_KEY_UIApplicationSupportsIndirectInputEvents = YES;
				INFOPLIST_KEY_UILaunchStoryboardName = LaunchScreen;
				INFOPLIST_KEY_UIMainStoryboardFile = "";
				INFOPLIST_KEY_UISupportedInterfaceOrientations_iPad = "UIInterfaceOrientationPortrait UIInterfaceOrientationPortraitUpsideDown UIInterfaceOrientationLandscapeLeft UIInterfaceOrientationLandscapeRight";
				INFOPLIST_KEY_UISupportedInterfaceOrientations_iPhone = "UIInterfaceOrientationPortrait UIInterfaceOrientationLandscapeLeft UIInterfaceOrientationLandscapeRight";
				LD_RUNPATH_SEARCH_PATHS = (
					"$(inherited)",
					"@executable_path/Frameworks",
				);
				MARKETING_VERSION = 1.0;
				PRODUCT_BUNDLE_IDENTIFIER = "kz.HW-21-Kudaibergen-Temirlan";
				PRODUCT_NAME = "$(TARGET_NAME)";
				SWIFT_EMIT_LOC_STRINGS = YES;
				SWIFT_VERSION = 5.0;
				TARGETED_DEVICE_FAMILY = "1,2";
			};
			name = Debug;
		};
		C82A1CDA2A124373004A7BC4 /* Release */ = {
			isa = XCBuildConfiguration;
			baseConfigurationReference = B710275E6B7D7E6B938A8BC7 /* Pods-HW-21-Kudaibergen_Temirlan.release.xcconfig */;
			buildSettings = {
				ASSETCATALOG_COMPILER_APPICON_NAME = AppIcon;
				ASSETCATALOG_COMPILER_GLOBAL_ACCENT_COLOR_NAME = AccentColor;
				CODE_SIGN_STYLE = Automatic;
				CURRENT_PROJECT_VERSION = 1;
				DEVELOPMENT_TEAM = C2VWB77N8G;
				GENERATE_INFOPLIST_FILE = YES;
				INFOPLIST_FILE = "HW-21-Kudaibergen_Temirlan/Info.plist";
				INFOPLIST_KEY_UIApplicationSupportsIndirectInputEvents = YES;
				INFOPLIST_KEY_UILaunchStoryboardName = LaunchScreen;
				INFOPLIST_KEY_UIMainStoryboardFile = "";
				INFOPLIST_KEY_UISupportedInterfaceOrientations_iPad = "UIInterfaceOrientationPortrait UIInterfaceOrientationPortraitUpsideDown UIInterfaceOrientationLandscapeLeft UIInterfaceOrientationLandscapeRight";
				INFOPLIST_KEY_UISupportedInterfaceOrientations_iPhone = "UIInterfaceOrientationPortrait UIInterfaceOrientationLandscapeLeft UIInterfaceOrientationLandscapeRight";
				LD_RUNPATH_SEARCH_PATHS = (
					"$(inherited)",
					"@executable_path/Frameworks",
				);
				MARKETING_VERSION = 1.0;
				PRODUCT_BUNDLE_IDENTIFIER = "kz.HW-21-Kudaibergen-Temirlan";
				PRODUCT_NAME = "$(TARGET_NAME)";
				SWIFT_EMIT_LOC_STRINGS = YES;
				SWIFT_VERSION = 5.0;
				TARGETED_DEVICE_FAMILY = "1,2";
			};
			name = Release;
		};
/* End XCBuildConfiguration section */

/* Begin XCConfigurationList section */
		C82A1CBF2A124372004A7BC4 /* Build configuration list for PBXProject "HW-21-Kudaibergen_Temirlan" */ = {
			isa = XCConfigurationList;
			buildConfigurations = (
				C82A1CD62A124373004A7BC4 /* Debug */,
				C82A1CD72A124373004A7BC4 /* Release */,
			);
			defaultConfigurationIsVisible = 0;
			defaultConfigurationName = Release;
		};
		C82A1CD82A124373004A7BC4 /* Build configuration list for PBXNativeTarget "HW-21-Kudaibergen_Temirlan" */ = {
			isa = XCConfigurationList;
			buildConfigurations = (
				C82A1CD92A124373004A7BC4 /* Debug */,
				C82A1CDA2A124373004A7BC4 /* Release */,
			);
			defaultConfigurationIsVisible = 0;
			defaultConfigurationName = Release;
		};
/* End XCConfigurationList section */

/* Begin XCRemoteSwiftPackageReference section */
		C82A1CE72A125080004A7BC4 /* XCRemoteSwiftPackageReference "SnapKit" */ = {
			isa = XCRemoteSwiftPackageReference;
			repositoryURL = "https://github.com/SnapKit/SnapKit.git";
			requirement = {
				kind = upToNextMajorVersion;
				minimumVersion = 5.0.0;
			};
		};
/* End XCRemoteSwiftPackageReference section */

/* Begin XCSwiftPackageProductDependency section */
		C82A1CE82A125080004A7BC4 /* SnapKit */ = {
			isa = XCSwiftPackageProductDependency;
			package = C82A1CE72A125080004A7BC4 /* XCRemoteSwiftPackageReference "SnapKit" */;
			productName = SnapKit;
		};
/* End XCSwiftPackageProductDependency section */
	};
	rootObject = C82A1CBC2A124372004A7BC4 /* Project object */;
}
